lockfileVersion: '6.0'

dependencies:
  class-transformer:
    specifier: ^0.5.1
    version: 0.5.1
  class-validator:
    specifier: ^0.14.1
    version: 0.14.1

packages:

  /@types/validator@13.11.9:
    resolution: {integrity: sha512-FCTsikRozryfayPuiI46QzH3fnrOoctTjvOYZkho9BTFLCOZ2rgZJHMOVgCOfttjPJcgOx52EpkY0CMfy87MIw==}
    dev: false

  /class-transformer@0.5.1:
    resolution: {integrity: sha512-SQa1Ws6hUbfC98vKGxZH3KFY0Y1lm5Zm0SY8XX9zbK7FJCyVEac3ATW0RIpwzW+oOfmHE5PMPufDG9hCfoEOMw==}
    dev: false

  /class-validator@0.14.1:
    resolution: {integrity: sha512-2VEG9JICxIqTpoK1eMzZqaV+u/EiwEJkMGzTrZf6sU/fwsnOITVgYJ8yojSy6CaXtO9V0Cc6ZQZ8h8m4UBuLwQ==}
    dependencies:
      '@types/validator': 13.11.9
      libphonenumber-js: 1.10.57
      validator: 13.11.0
    dev: false

  /libphonenumber-js@1.10.57:
    resolution: {integrity: sha512-OjsEd9y4LgcX+Ig09SbxWqcGESxliDDFNVepFhB9KEsQZTrnk3UdEU+cO0sW1APvLprHstQpS23OQpZ3bwxy6Q==}
    dev: false

  /validator@13.11.0:
    resolution: {integrity: sha512-Ii+sehpSfZy+At5nPdnyMhx78fEoPDkR2XW/zimHEL3MyGJQOCQ7WeP20jPYRz7ZCpcKLB21NxuXHF3bxjStBQ==}
    engines: {node: '>= 0.10'}
    dev: false
